// !$*UTF8*$!
{
	archiveVersion = 1;
	classes = {
	};
	objectVersion = 46;
	objects = {

/* Begin PBXBuildFile section */
		743FD0951CE02BA90030626E /* main.m in Sources */ = {isa = PBXBuildFile; fileRef = 743FD0941CE02BA90030626E /* main.m */; };
		743FD0981CE02BA90030626E /* AppDelegate.m in Sources */ = {isa = PBXBuildFile; fileRef = 743FD0971CE02BA90030626E /* AppDelegate.m */; };
		743FD09B1CE02BA90030626E /* ViewController.m in Sources */ = {isa = PBXBuildFile; fileRef = 743FD09A1CE02BA90030626E /* ViewController.m */; };
		743FD09E1CE02BA90030626E /* Main.storyboard in Resources */ = {isa = PBXBuildFile; fileRef = 743FD09C1CE02BA90030626E /* Main.storyboard */; };
		743FD0A01CE02BA90030626E /* Assets.xcassets in Resources */ = {isa = PBXBuildFile; fileRef = 743FD09F1CE02BA90030626E /* Assets.xcassets */; };
		743FD0A31CE02BA90030626E /* LaunchScreen.storyboard in Resources */ = {isa = PBXBuildFile; fileRef = 743FD0A11CE02BA90030626E /* LaunchScreen.storyboard */; };
		743FD0AE1CE02BA90030626E /* CarouseTests.m in Sources */ = {isa = PBXBuildFile; fileRef = 743FD0AD1CE02BA90030626E /* CarouseTests.m */; };
		743FD0B91CE02BA90030626E /* CarouseUITests.m in Sources */ = {isa = PBXBuildFile; fileRef = 743FD0B81CE02BA90030626E /* CarouseUITests.m */; };
/* End PBXBuildFile section */

/* Begin PBXContainerItemProxy section */
		743FD0AA1CE02BA90030626E /* PBXContainerItemProxy */ = {
			isa = PBXContainerItemProxy;
			containerPortal = 743FD0881CE02BA90030626E /* Project object */;
			proxyType = 1;
			remoteGlobalIDString = 743FD08F1CE02BA90030626E;
			remoteInfo = Carouse;
		};
		743FD0B51CE02BA90030626E /* PBXContainerItemProxy */ = {
			isa = PBXContainerItemProxy;
			containerPortal = 743FD0881CE02BA90030626E /* Project object */;
			proxyType = 1;
			remoteGlobalIDString = 743FD08F1CE02BA90030626E;
			remoteInfo = Carouse;
		};
/* End PBXContainerItemProxy section */

/* Begin PBXFileReference section */
		743FD0901CE02BA90030626E /* Carouse.app */ = {isa = PBXFileReference; explicitFileType = wrapper.application; includeInIndex = 0; path = Carouse.app; sourceTree = BUILT_PRODUCTS_DIR; };
		743FD0941CE02BA90030626E /* main.m */ = {isa = PBXFileReference; lastKnownFileType = sourcecode.c.objc; path = main.m; sourceTree = "<group>"; };
		743FD0961CE02BA90030626E /* AppDelegate.h */ = {isa = PBXFileReference; lastKnownFileType = sourcecode.c.h; path = AppDelegate.h; sourceTree = "<group>"; };
		743FD0971CE02BA90030626E /* AppDelegate.m */ = {isa = PBXFileReference; lastKnownFileType = sourcecode.c.objc; path = AppDelegate.m; sourceTree = "<group>"; };
		743FD0991CE02BA90030626E /* ViewController.h */ = {isa = PBXFileReference; lastKnownFileType = sourcecode.c.h; path = ViewController.h; sourceTree = "<group>"; };
		743FD09A1CE02BA90030626E /* ViewController.m */ = {isa = PBXFileReference; lastKnownFileType = sourcecode.c.objc; path = ViewController.m; sourceTree = "<group>"; };
		743FD09D1CE02BA90030626E /* Base */ = {isa = PBXFileReference; lastKnownFileType = file.storyboard; name = Base; path = Base.lproj/Main.storyboard; sourceTree = "<group>"; };
		743FD09F1CE02BA90030626E /* Assets.xcassets */ = {isa = PBXFileReference; lastKnownFileType = folder.assetcatalog; path = Assets.xcassets; sourceTree = "<group>"; };
		743FD0A21CE02BA90030626E /* Base */ = {isa = PBXFileReference; lastKnownFileType = file.storyboard; name = Base; path = Base.lproj/LaunchScreen.storyboard; sourceTree = "<group>"; };
		743FD0A41CE02BA90030626E /* Info.plist */ = {isa = PBXFileReference; lastKnownFileType = text.plist.xml; path = Info.plist; sourceTree = "<group>"; };
		743FD0A91CE02BA90030626E /* CarouseTests.xctest */ = {isa = PBXFileReference; explicitFileType = wrapper.cfbundle; includeInIndex = 0; path = CarouseTests.xctest; sourceTree = BUILT_PRODUCTS_DIR; };
		743FD0AD1CE02BA90030626E /* CarouseTests.m */ = {isa = PBXFileReference; lastKnownFileType = sourcecode.c.objc; path = CarouseTests.m; sourceTree = "<group>"; };
		743FD0AF1CE02BA90030626E /* Info.plist */ = {isa = PBXFileReference; lastKnownFileType = text.plist.xml; path = Info.plist; sourceTree = "<group>"; };
		743FD0B41CE02BA90030626E /* CarouseUITests.xctest */ = {isa = PBXFileReference; explicitFileType = wrapper.cfbundle; includeInIndex = 0; path = CarouseUITests.xctest; sourceTree = BUILT_PRODUCTS_DIR; };
		743FD0B81CE02BA90030626E /* CarouseUITests.m */ = {isa = PBXFileReference; lastKnownFileType = sourcecode.c.objc; path = CarouseUITests.m; sourceTree = "<group>"; };
		743FD0BA1CE02BA90030626E /* Info.plist */ = {isa = PBXFileReference; lastKnownFileType = text.plist.xml; path = Info.plist; sourceTree = "<group>"; };
/* End PBXFileReference section */

/* Begin PBXFrameworksBuildPhase section */
		743FD08D1CE02BA90030626E /* Frameworks */ = {
			isa = PBXFrameworksBuildPhase;
			buildActionMask = 2147483647;
			files = (
			);
			runOnlyForDeploymentPostprocessing = 0;
		};
		743FD0A61CE02BA90030626E /* Frameworks */ = {
			isa = PBXFrameworksBuildPhase;
			buildActionMask = 2147483647;
			files = (
			);
			runOnlyForDeploymentPostprocessing = 0;
		};
		743FD0B11CE02BA90030626E /* Frameworks */ = {
			isa = PBXFrameworksBuildPhase;
			buildActionMask = 2147483647;
			files = (
			);
			runOnlyForDeploymentPostprocessing = 0;
		};
/* End PBXFrameworksBuildPhase section */

/* Begin PBXGroup section */
		743FD0871CE02BA90030626E = {
			isa = PBXGroup;
			children = (
				743FD0921CE02BA90030626E /* Carouse */,
				743FD0AC1CE02BA90030626E /* CarouseTests */,
				743FD0B71CE02BA90030626E /* CarouseUITests */,
				743FD0911CE02BA90030626E /* Products */,
			);
			sourceTree = "<group>";
		};
		743FD0911CE02BA90030626E /* Products */ = {
			isa = PBXGroup;
			children = (
				743FD0901CE02BA90030626E /* Carouse.app */,
				743FD0A91CE02BA90030626E /* CarouseTests.xctest */,
				743FD0B41CE02BA90030626E /* CarouseUITests.xctest */,
			);
			name = Products;
			sourceTree = "<group>";
		};
		743FD0921CE02BA90030626E /* Carouse */ = {
			isa = PBXGroup;
			children = (
				743FD0961CE02BA90030626E /* AppDelegate.h */,
				743FD0971CE02BA90030626E /* AppDelegate.m */,
				743FD0991CE02BA90030626E /* ViewController.h */,
				743FD09A1CE02BA90030626E /* ViewController.m */,
				743FD09C1CE02BA90030626E /* Main.storyboard */,
				743FD09F1CE02BA90030626E /* Assets.xcassets */,
				743FD0A11CE02BA90030626E /* LaunchScreen.storyboard */,
				743FD0A41CE02BA90030626E /* Info.plist */,
				743FD0931CE02BA90030626E /* Supporting Files */,
			);
			path = Carouse;
			sourceTree = "<group>";
		};
		743FD0931CE02BA90030626E /* Supporting Files */ = {
			isa = PBXGroup;
			children = (
				743FD0941CE02BA90030626E /* main.m */,
			);
			name = "Supporting Files";
			sourceTree = "<group>";
		};
		743FD0AC1CE02BA90030626E /* CarouseTests */ = {
			isa = PBXGroup;
			children = (
				743FD0AD1CE02BA90030626E /* CarouseTests.m */,
				743FD0AF1CE02BA90030626E /* Info.plist */,
			);
			path = CarouseTests;
			sourceTree = "<group>";
		};
		743FD0B71CE02BA90030626E /* CarouseUITests */ = {
			isa = PBXGroup;
			children = (
				743FD0B81CE02BA90030626E /* CarouseUITests.m */,
				743FD0BA1CE02BA90030626E /* Info.plist */,
			);
			path = CarouseUITests;
			sourceTree = "<group>";
		};
/* End PBXGroup section */

/* Begin PBXNativeTarget section */
		743FD08F1CE02BA90030626E /* Carouse */ = {
			isa = PBXNativeTarget;
			buildConfigurationList = 743FD0BD1CE02BA90030626E /* Build configuration list for PBXNativeTarget "Carouse" */;
			buildPhases = (
				743FD08C1CE02BA90030626E /* Sources */,
				743FD08D1CE02BA90030626E /* Frameworks */,
				743FD08E1CE02BA90030626E /* Resources */,
			);
			buildRules = (
			);
			dependencies = (
			);
			name = Carouse;
			productName = Carouse;
			productReference = 743FD0901CE02BA90030626E /* Carouse.app */;
			productType = "com.apple.product-type.application";
		};
		743FD0A81CE02BA90030626E /* CarouseTests */ = {
			isa = PBXNativeTarget;
			buildConfigurationList = 743FD0C01CE02BA90030626E /* Build configuration list for PBXNativeTarget "CarouseTests" */;
			buildPhases = (
				743FD0A51CE02BA90030626E /* Sources */,
				743FD0A61CE02BA90030626E /* Frameworks */,
				743FD0A71CE02BA90030626E /* Resources */,
			);
			buildRules = (
			);
			dependencies = (
				743FD0AB1CE02BA90030626E /* PBXTargetDependency */,
			);
			name = CarouseTests;
			productName = CarouseTests;
			productReference = 743FD0A91CE02BA90030626E /* CarouseTests.xctest */;
			productType = "com.apple.product-type.bundle.unit-test";
		};
		743FD0B31CE02BA90030626E /* CarouseUITests */ = {
			isa = PBXNativeTarget;
			buildConfigurationList = 743FD0C31CE02BA90030626E /* Build configuration list for PBXNativeTarget "CarouseUITests" */;
			buildPhases = (
				743FD0B01CE02BA90030626E /* Sources */,
				743FD0B11CE02BA90030626E /* Frameworks */,
				743FD0B21CE02BA90030626E /* Resources */,
			);
			buildRules = (
			);
			dependencies = (
				743FD0B61CE02BA90030626E /* PBXTargetDependency */,
			);
			name = CarouseUITests;
			productName = CarouseUITests;
			productReference = 743FD0B41CE02BA90030626E /* CarouseUITests.xctest */;
			productType = "com.apple.product-type.bundle.ui-testing";
		};
/* End PBXNativeTarget section */

/* Begin PBXProject section */
		743FD0881CE02BA90030626E /* Project object */ = {
			isa = PBXProject;
			attributes = {
				LastUpgradeCheck = 0720;
				ORGANIZATIONNAME = wangsk;
				TargetAttributes = {
					743FD08F1CE02BA90030626E = {
						CreatedOnToolsVersion = 7.2.1;
						DevelopmentTeam = J9WL29R87J;
					};
					743FD0A81CE02BA90030626E = {
						CreatedOnToolsVersion = 7.2.1;
						DevelopmentTeam = J9WL29R87J;
						TestTargetID = 743FD08F1CE02BA90030626E;
					};
					743FD0B31CE02BA90030626E = {
						CreatedOnToolsVersion = 7.2.1;
						DevelopmentTeam = J9WL29R87J;
						TestTargetID = 743FD08F1CE02BA90030626E;
					};
				};
			};
			buildConfigurationList = 743FD08B1CE02BA90030626E /* Build configuration list for PBXProject "Carouse" */;
			compatibilityVersion = "Xcode 3.2";
			developmentRegion = English;
			hasScannedForEncodings = 0;
			knownRegions = (
				en,
				Base,
			);
			mainGroup = 743FD0871CE02BA90030626E;
			productRefGroup = 743FD0911CE02BA90030626E /* Products */;
			projectDirPath = "";
			projectRoot = "";
			targets = (
				743FD08F1CE02BA90030626E /* Carouse */,
				743FD0A81CE02BA90030626E /* CarouseTests */,
				743FD0B31CE02BA90030626E /* CarouseUITests */,
			);
		};
/* End PBXProject section */

/* Begin PBXResourcesBuildPhase section */
		743FD08E1CE02BA90030626E /* Resources */ = {
			isa = PBXResourcesBuildPhase;
			buildActionMask = 2147483647;
			files = (
				743FD0A31CE02BA90030626E /* LaunchScreen.storyboard in Resources */,
				743FD0A01CE02BA90030626E /* Assets.xcassets in Resources */,
				743FD09E1CE02BA90030626E /* Main.storyboard in Resources */,
			);
			runOnlyForDeploymentPostprocessing = 0;
		};
		743FD0A71CE02BA90030626E /* Resources */ = {
			isa = PBXResourcesBuildPhase;
			buildActionMask = 2147483647;
			files = (
			);
			runOnlyForDeploymentPostprocessing = 0;
		};
		743FD0B21CE02BA90030626E /* Resources */ = {
			isa = PBXResourcesBuildPhase;
			buildActionMask = 2147483647;
			files = (
			);
			runOnlyForDeploymentPostprocessing = 0;
		};
/* End PBXResourcesBuildPhase section */

/* Begin PBXSourcesBuildPhase section */
		743FD08C1CE02BA90030626E /* Sources */ = {
			isa = PBXSourcesBuildPhase;
			buildActionMask = 2147483647;
			files = (
				743FD09B1CE02BA90030626E /* ViewController.m in Sources */,
				743FD0981CE02BA90030626E /* AppDelegate.m in Sources */,
				743FD0951CE02BA90030626E /* main.m in Sources */,
			);
			runOnlyForDeploymentPostprocessing = 0;
		};
		743FD0A51CE02BA90030626E /* Sources */ = {
			isa = PBXSourcesBuildPhase;
			buildActionMask = 2147483647;
			files = (
				743FD0AE1CE02BA90030626E /* CarouseTests.m in Sources */,
			);
			runOnlyForDeploymentPostprocessing = 0;
		};
		743FD0B01CE02BA90030626E /* Sources */ = {
			isa = PBXSourcesBuildPhase;
			buildActionMask = 2147483647;
			files = (
				743FD0B91CE02BA90030626E /* CarouseUITests.m in Sources */,
			);
			runOnlyForDeploymentPostprocessing = 0;
		};
/* End PBXSourcesBuildPhase section */

/* Begin PBXTargetDependency section */
		743FD0AB1CE02BA90030626E /* PBXTargetDependency */ = {
			isa = PBXTargetDependency;
			target = 743FD08F1CE02BA90030626E /* Carouse */;
			targetProxy = 743FD0AA1CE02BA90030626E /* PBXContainerItemProxy */;
		};
		743FD0B61CE02BA90030626E /* PBXTargetDependency */ = {
			isa = PBXTargetDependency;
			target = 743FD08F1CE02BA90030626E /* Carouse */;
			targetProxy = 743FD0B51CE02BA90030626E /* PBXContainerItemProxy */;
		};
/* End PBXTargetDependency section */

/* Begin PBXVariantGroup section */
		743FD09C1CE02BA90030626E /* Main.storyboard */ = {
			isa = PBXVariantGroup;
			children = (
				743FD09D1CE02BA90030626E /* Base */,
			);
			name = Main.storyboard;
			sourceTree = "<group>";
		};
		743FD0A11CE02BA90030626E /* LaunchScreen.storyboard */ = {
			isa = PBXVariantGroup;
			children = (
				743FD0A21CE02BA90030626E /* Base */,
			);
			name = LaunchScreen.storyboard;
			sourceTree = "<group>";
		};
/* End PBXVariantGroup section */

/* Begin XCBuildConfiguration section */
		743FD0BB1CE02BA90030626E /* Debug */ = {
			isa = XCBuildConfiguration;
			buildSettings = {
				ALWAYS_SEARCH_USER_PATHS = NO;
				CLANG_CXX_LANGUAGE_STANDARD = "gnu++0x";
				CLANG_CXX_LIBRARY = "libc++";
				CLANG_ENABLE_MODULES = YES;
				CLANG_ENABLE_OBJC_ARC = YES;
				CLANG_WARN_BOOL_CONVERSION = YES;
				CLANG_WARN_CONSTANT_CONVERSION = YES;
				CLANG_WARN_DIRECT_OBJC_ISA_USAGE = YES_ERROR;
				CLANG_WARN_EMPTY_BODY = YES;
				CLANG_WARN_ENUM_CONVERSION = YES;
				CLANG_WARN_INT_CONVERSION = YES;
				CLANG_WARN_OBJC_ROOT_CLASS = YES_ERROR;
				CLANG_WARN_UNREACHABLE_CODE = YES;
				CLANG_WARN__DUPLICATE_METHOD_MATCH = YES;
				"CODE_SIGN_IDENTITY[sdk=iphoneos*]" = "iPhone Developer";
				COPY_PHASE_STRIP = NO;
				DEBUG_INFORMATION_FORMAT = dwarf;
				ENABLE_STRICT_OBJC_MSGSEND = YES;
				ENABLE_TESTABILITY = YES;
				GCC_C_LANGUAGE_STANDARD = gnu99;
				GCC_DYNAMIC_NO_PIC = NO;
				GCC_NO_COMMON_BLOCKS = YES;
				GCC_OPTIMIZATION_LEVEL = 0;
				GCC_PREPROCESSOR_DEFINITIONS = (
					"DEBUG=1",
					"$(inherited)",
				);
				GCC_WARN_64_TO_32_BIT_CONVERSION = YES;
				GCC_WARN_ABOUT_RETURN_TYPE = YES_ERROR;
				GCC_WARN_UNDECLARED_SELECTOR = YES;
				GCC_WARN_UNINITIALIZED_AUTOS = YES_AGGRESSIVE;
				GCC_WARN_UNUSED_FUNCTION = YES;
				GCC_WARN_UNUSED_VARIABLE = YES;
				IPHONEOS_DEPLOYMENT_TARGET = 9.2;
				MTL_ENABLE_DEBUG_INFO = YES;
				ONLY_ACTIVE_ARCH = YES;
				SDKROOT = iphoneos;
			};
			name = Debug;
		};
		743FD0BC1CE02BA90030626E /* Release */ = {
			isa = XCBuildConfiguration;
			buildSettings = {
				ALWAYS_SEARCH_USER_PATHS = NO;
				CLANG_CXX_LANGUAGE_STANDARD = "gnu++0x";
				CLANG_CXX_LIBRARY = "libc++";
				CLANG_ENABLE_MODULES = YES;
				CLANG_ENABLE_OBJC_ARC = YES;
				CLANG_WARN_BOOL_CONVERSION = YES;
				CLANG_WARN_CONSTANT_CONVERSION = YES;
				CLANG_WARN_DIRECT_OBJC_ISA_USAGE = YES_ERROR;
				CLANG_WARN_EMPTY_BODY = YES;
				CLANG_WARN_ENUM_CONVERSION = YES;
				CLANG_WARN_INT_CONVERSION = YES;
				CLANG_WARN_OBJC_ROOT_CLASS = YES_ERROR;
				CLANG_WARN_UNREACHABLE_CODE = YES;
				CLANG_WARN__DUPLICATE_METHOD_MATCH = YES;
				"CODE_SIGN_IDENTITY[sdk=iphoneos*]" = "iPhone Developer";
				COPY_PHASE_STRIP = NO;
				DEBUG_INFORMATION_FORMAT = "dwarf-with-dsym";
				ENABLE_NS_ASSERTIONS = NO;
				ENABLE_STRICT_OBJC_MSGSEND = YES;
				GCC_C_LANGUAGE_STANDARD = gnu99;
				GCC_NO_COMMON_BLOCKS = YES;
				GCC_WARN_64_TO_32_BIT_CONVERSION = YES;
				GCC_WARN_ABOUT_RETURN_TYPE = YES_ERROR;
				GCC_WARN_UNDECLARED_SELECTOR = YES;
				GCC_WARN_UNINITIALIZED_AUTOS = YES_AGGRESSIVE;
				GCC_WARN_UNUSED_FUNCTION = YES;
				GCC_WARN_UNUSED_VARIABLE = YES;
				IPHONEOS_DEPLOYMENT_TARGET = 9.2;
				MTL_ENABLE_DEBUG_INFO = NO;
				SDKROOT = iphoneos;
				VALIDATE_PRODUCT = YES;
			};
			name = Release;
		};
		743FD0BE1CE02BA90030626E /* Debug */ = {
			isa = XCBuildConfiguration;
			buildSettings = {
				ASSETCATALOG_COMPILER_APPICON_NAME = AppIcon;
				INFOPLIST_FILE = Carouse/Info.plist;
				LD_RUNPATH_SEARCH_PATHS = "$(inherited) @executable_path/Frameworks";
				PRODUCT_BUNDLE_IDENTIFIER = com.ShengkuiWang.Carouse;
				PRODUCT_NAME = "$(TARGET_NAME)";
			};
			name = Debug;
		};
		743FD0BF1CE02BA90030626E /* Release */ = {
			isa = XCBuildConfiguration;
			buildSettings = {
				ASSETCATALOG_COMPILER_APPICON_NAME = AppIcon;
				INFOPLIST_FILE = Carouse/Info.plist;
				LD_RUNPATH_SEARCH_PATHS = "$(inherited) @executable_path/Frameworks";
				PRODUCT_BUNDLE_IDENTIFIER = com.ShengkuiWang.Carouse;
				PRODUCT_NAME = "$(TARGET_NAME)";
			};
			name = Release;
		};
		743FD0C11CE02BA90030626E /* Debug */ = {
			isa = XCBuildConfiguration;
			buildSettings = {
				BUNDLE_LOADER = "$(TEST_HOST)";
				INFOPLIST_FILE = CarouseTests/Info.plist;
				LD_RUNPATH_SEARCH_PATHS = "$(inherited) @executable_path/Frameworks @loader_path/Frameworks";
				PRODUCT_BUNDLE_IDENTIFIER = com.ShengkuiWang.CarouseTests;
				PRODUCT_NAME = "$(TARGET_NAME)";
				TEST_HOST = "$(BUILT_PRODUCTS_DIR)/Carouse.app/Carouse";
			};
			name = Debug;
		};
		743FD0C21CE02BA90030626E /* Release */ = {
			isa = XCBuildConfiguration;
			buildSettings = {
				BUNDLE_LOADER = "$(TEST_HOST)";
				INFOPLIST_FILE = CarouseTests/Info.plist;
				LD_RUNPATH_SEARCH_PATHS = "$(inherited) @executable_path/Frameworks @loader_path/Frameworks";
				PRODUCT_BUNDLE_IDENTIFIER = com.ShengkuiWang.CarouseTests;
				PRODUCT_NAME = "$(TARGET_NAME)";
				TEST_HOST = "$(BUILT_PRODUCTS_DIR)/Carouse.app/Carouse";
			};
			name = Release;
		};
		743FD0C41CE02BA90030626E /* Debug */ = {
			isa = XCBuildConfiguration;
			buildSettings = {
				INFOPLIST_FILE = CarouseUITests/Info.plist;
				LD_RUNPATH_SEARCH_PATHS = "$(inherited) @executable_path/Frameworks @loader_path/Frameworks";
				PRODUCT_BUNDLE_IDENTIFIER = com.ShengkuiWang.CarouseUITests;
				PRODUCT_NAME = "$(TARGET_NAME)";
				TEST_TARGET_NAME = Carouse;
				USES_XCTRUNNER = YES;
			};
			name = Debug;
		};
		743FD0C51CE02BA90030626E /* Release */ = {
			isa = XCBuildConfiguration;
			buildSettings = {
				INFOPLIST_FILE = CarouseUITests/Info.plist;
				LD_RUNPATH_SEARCH_PATHS = "$(inherited) @executable_path/Frameworks @loader_path/Frameworks";
				PRODUCT_BUNDLE_IDENTIFIER = com.ShengkuiWang.CarouseUITests;
				PRODUCT_NAME = "$(TARGET_NAME)";
				TEST_TARGET_NAME = Carouse;
				USES_XCTRUNNER = YES;
			};
			name = Release;
		};
/* End XCBuildConfiguration section */

/* Begin XCConfigurationList section */
		743FD08B1CE02BA90030626E /* Build configuration list for PBXProject "Carouse" */ = {
			isa = XCConfigurationList;
			buildConfigurations = (
				743FD0BB1CE02BA90030626E /* Debug */,
				743FD0BC1CE02BA90030626E /* Release */,
			);
			defaultConfigurationIsVisible = 0;
			defaultConfigurationName = Release;
		};
		743FD0BD1CE02BA90030626E /* Build configuration list for PBXNativeTarget "Carouse" */ = {
			isa = XCConfigurationList;
			buildConfigurations = (
				743FD0BE1CE02BA90030626E /* Debug */,
				743FD0BF1CE02BA90030626E /* Release */,
			);
			defaultConfigurationIsVisible = 0;
		};
		743FD0C01CE02BA90030626E /* Build configuration list for PBXNativeTarget "CarouseTests" */ = {
			isa = XCConfigurationList;
			buildConfigurations = (
				743FD0C11CE02BA90030626E /* Debug */,
				743FD0C21CE02BA90030626E /* Release */,
			);
			defaultConfigurationIsVisible = 0;
		};
		743FD0C31CE02BA90030626E /* Build configuration list for PBXNativeTarget "CarouseUITests" */ = {
			isa = XCConfigurationList;
			buildConfigurations = (
				743FD0C41CE02BA90030626E /* Debug */,
				743FD0C51CE02BA90030626E /* Release */,
			);
			defaultConfigurationIsVisible = 0;
		};
/* End XCConfigurationList section */
	};
	rootObject = 743FD0881CE02BA90030626E /* Project object */;
}
